// !$*UTF8*$!
{
	archiveVersion = 1;
	classes = {
	};
	objectVersion = 56;
	objects = {

/* Begin PBXBuildFile section */
		D8D825B22A86A6F600FEF2F9 /* SchoolNameDataModel.swift in Sources */ = {isa = PBXBuildFile; fileRef = D8D825B12A86A6F600FEF2F9 /* SchoolNameDataModel.swift */; };
		D8D825B42A86A72400FEF2F9 /* SchoolScoresDataModel.swift in Sources */ = {isa = PBXBuildFile; fileRef = D8D825B32A86A72400FEF2F9 /* SchoolScoresDataModel.swift */; };
		D8D825B72A86A75300FEF2F9 /* SchoolViewModel.swift in Sources */ = {isa = PBXBuildFile; fileRef = D8D825B62A86A75300FEF2F9 /* SchoolViewModel.swift */; };
		D8D825BA2A86A77A00FEF2F9 /* APICaller.swift in Sources */ = {isa = PBXBuildFile; fileRef = D8D825B92A86A77A00FEF2F9 /* APICaller.swift */; };
		D8D825BE2A86A82600FEF2F9 /* SchoolsTableViewCell.swift in Sources */ = {isa = PBXBuildFile; fileRef = D8D825BD2A86A82600FEF2F9 /* SchoolsTableViewCell.swift */; };
		D8D825C22A86C1F200FEF2F9 /* SchoolDetailViewController.swift in Sources */ = {isa = PBXBuildFile; fileRef = D8D825C12A86C1F200FEF2F9 /* SchoolDetailViewController.swift */; };
		D8E18B762A86A45C00EF161F /* AppDelegate.swift in Sources */ = {isa = PBXBuildFile; fileRef = D8E18B752A86A45C00EF161F /* AppDelegate.swift */; };
		D8E18B782A86A45C00EF161F /* SceneDelegate.swift in Sources */ = {isa = PBXBuildFile; fileRef = D8E18B772A86A45C00EF161F /* SceneDelegate.swift */; };
		D8E18B7A2A86A45C00EF161F /* ViewController.swift in Sources */ = {isa = PBXBuildFile; fileRef = D8E18B792A86A45C00EF161F /* ViewController.swift */; };
		D8E18B7F2A86A45D00EF161F /* Assets.xcassets in Resources */ = {isa = PBXBuildFile; fileRef = D8E18B7E2A86A45D00EF161F /* Assets.xcassets */; };
		D8E18B822A86A45D00EF161F /* LaunchScreen.storyboard in Resources */ = {isa = PBXBuildFile; fileRef = D8E18B802A86A45D00EF161F /* LaunchScreen.storyboard */; };
/* End PBXBuildFile section */

/* Begin PBXFileReference section */
		D8D825B12A86A6F600FEF2F9 /* SchoolNameDataModel.swift */ = {isa = PBXFileReference; lastKnownFileType = sourcecode.swift; path = SchoolNameDataModel.swift; sourceTree = "<group>"; };
		D8D825B32A86A72400FEF2F9 /* SchoolScoresDataModel.swift */ = {isa = PBXFileReference; lastKnownFileType = sourcecode.swift; path = SchoolScoresDataModel.swift; sourceTree = "<group>"; };
		D8D825B62A86A75300FEF2F9 /* SchoolViewModel.swift */ = {isa = PBXFileReference; lastKnownFileType = sourcecode.swift; path = SchoolViewModel.swift; sourceTree = "<group>"; };
		D8D825B92A86A77A00FEF2F9 /* APICaller.swift */ = {isa = PBXFileReference; lastKnownFileType = sourcecode.swift; path = APICaller.swift; sourceTree = "<group>"; };
		D8D825BD2A86A82600FEF2F9 /* SchoolsTableViewCell.swift */ = {isa = PBXFileReference; lastKnownFileType = sourcecode.swift; path = SchoolsTableViewCell.swift; sourceTree = "<group>"; };
		D8D825C12A86C1F200FEF2F9 /* SchoolDetailViewController.swift */ = {isa = PBXFileReference; lastKnownFileType = sourcecode.swift; path = SchoolDetailViewController.swift; sourceTree = "<group>"; };
		D8E18B722A86A45C00EF161F /* 20230811-ZhanSalgarin-NYCSchools.app */ = {isa = PBXFileReference; explicitFileType = wrapper.application; includeInIndex = 0; path = "20230811-ZhanSalgarin-NYCSchools.app"; sourceTree = BUILT_PRODUCTS_DIR; };
		D8E18B752A86A45C00EF161F /* AppDelegate.swift */ = {isa = PBXFileReference; lastKnownFileType = sourcecode.swift; path = AppDelegate.swift; sourceTree = "<group>"; };
		D8E18B772A86A45C00EF161F /* SceneDelegate.swift */ = {isa = PBXFileReference; lastKnownFileType = sourcecode.swift; path = SceneDelegate.swift; sourceTree = "<group>"; };
		D8E18B792A86A45C00EF161F /* ViewController.swift */ = {isa = PBXFileReference; lastKnownFileType = sourcecode.swift; path = ViewController.swift; sourceTree = "<group>"; };
		D8E18B7E2A86A45D00EF161F /* Assets.xcassets */ = {isa = PBXFileReference; lastKnownFileType = folder.assetcatalog; path = Assets.xcassets; sourceTree = "<group>"; };
		D8E18B812A86A45D00EF161F /* Base */ = {isa = PBXFileReference; lastKnownFileType = file.storyboard; name = Base; path = Base.lproj/LaunchScreen.storyboard; sourceTree = "<group>"; };
		D8E18B832A86A45D00EF161F /* Info.plist */ = {isa = PBXFileReference; lastKnownFileType = text.plist.xml; path = Info.plist; sourceTree = "<group>"; };
/* End PBXFileReference section */

/* Begin PBXFrameworksBuildPhase section */
		D8E18B6F2A86A45C00EF161F /* Frameworks */ = {
			isa = PBXFrameworksBuildPhase;
			buildActionMask = 2147483647;
			files = (
			);
			runOnlyForDeploymentPostprocessing = 0;
		};
/* End PBXFrameworksBuildPhase section */

/* Begin PBXGroup section */
		D8D825AF2A86A6C500FEF2F9 /* VIews */ = {
			isa = PBXGroup;
			children = (
				D8D825BF2A86C16D00FEF2F9 /* CoreViewControllers */,
				D8E18B7E2A86A45D00EF161F /* Assets.xcassets */,
			);
			name = VIews;
			sourceTree = "<group>";
		};
		D8D825B02A86A6E700FEF2F9 /* ViewModels */ = {
			isa = PBXGroup;
			children = (
				D8D825B62A86A75300FEF2F9 /* SchoolViewModel.swift */,
			);
			name = ViewModels;
			sourceTree = "<group>";
		};
		D8D825B52A86A73B00FEF2F9 /* Models */ = {
			isa = PBXGroup;
			children = (
				D8D825B12A86A6F600FEF2F9 /* SchoolNameDataModel.swift */,
				D8D825B32A86A72400FEF2F9 /* SchoolScoresDataModel.swift */,
			);
			name = Models;
			sourceTree = "<group>";
		};
		D8D825B82A86A76B00FEF2F9 /* Managers */ = {
			isa = PBXGroup;
			children = (
				D8D825B92A86A77A00FEF2F9 /* APICaller.swift */,
			);
			name = Managers;
			sourceTree = "<group>";
		};
		D8D825BC2A86A7C000FEF2F9 /* ViewCells */ = {
			isa = PBXGroup;
			children = (
				D8D825BD2A86A82600FEF2F9 /* SchoolsTableViewCell.swift */,
			);
			name = ViewCells;
			sourceTree = "<group>";
		};
		D8D825BF2A86C16D00FEF2F9 /* CoreViewControllers */ = {
			isa = PBXGroup;
			children = (
				D8E18B792A86A45C00EF161F /* ViewController.swift */,
				D8D825C02A86C17F00FEF2F9 /* DetailViewControllers */,
				D8D825BC2A86A7C000FEF2F9 /* ViewCells */,
			);
			name = CoreViewControllers;
			sourceTree = "<group>";
		};
		D8D825C02A86C17F00FEF2F9 /* DetailViewControllers */ = {
			isa = PBXGroup;
			children = (
				D8D825C12A86C1F200FEF2F9 /* SchoolDetailViewController.swift */,
			);
			name = DetailViewControllers;
			sourceTree = "<group>";
		};
		D8E18B692A86A45C00EF161F = {
			isa = PBXGroup;
			children = (
				D8E18B742A86A45C00EF161F /* 20230811-ZhanSalgarin-NYCSchools */,
				D8E18B732A86A45C00EF161F /* Products */,
			);
			sourceTree = "<group>";
		};
		D8E18B732A86A45C00EF161F /* Products */ = {
			isa = PBXGroup;
			children = (
				D8E18B722A86A45C00EF161F /* 20230811-ZhanSalgarin-NYCSchools.app */,
			);
			name = Products;
			sourceTree = "<group>";
		};
		D8E18B742A86A45C00EF161F /* 20230811-ZhanSalgarin-NYCSchools */ = {
			isa = PBXGroup;
			children = (
				D8E18B752A86A45C00EF161F /* AppDelegate.swift */,
				D8E18B772A86A45C00EF161F /* SceneDelegate.swift */,
				D8D825B82A86A76B00FEF2F9 /* Managers */,
				D8D825B52A86A73B00FEF2F9 /* Models */,
				D8D825B02A86A6E700FEF2F9 /* ViewModels */,
				D8D825AF2A86A6C500FEF2F9 /* VIews */,
				D8E18B802A86A45D00EF161F /* LaunchScreen.storyboard */,
				D8E18B832A86A45D00EF161F /* Info.plist */,
			);
			path = "20230811-ZhanSalgarin-NYCSchools";
			sourceTree = "<group>";
		};
/* End PBXGroup section */

/* Begin PBXNativeTarget section */
		D8E18B712A86A45C00EF161F /* 20230811-ZhanSalgarin-NYCSchools */ = {
			isa = PBXNativeTarget;
			buildConfigurationList = D8E18B862A86A45D00EF161F /* Build configuration list for PBXNativeTarget "20230811-ZhanSalgarin-NYCSchools" */;
			buildPhases = (
				D8E18B6E2A86A45C00EF161F /* Sources */,
				D8E18B6F2A86A45C00EF161F /* Frameworks */,
				D8E18B702A86A45C00EF161F /* Resources */,
			);
			buildRules = (
			);
			dependencies = (
			);
			name = "20230811-ZhanSalgarin-NYCSchools";
			productName = "20230811-ZhanSalgarin-NYCSchools";
			productReference = D8E18B722A86A45C00EF161F /* 20230811-ZhanSalgarin-NYCSchools.app */;
			productType = "com.apple.product-type.application";
		};
/* End PBXNativeTarget section */

/* Begin PBXProject section */
		D8E18B6A2A86A45C00EF161F /* Project object */ = {
			isa = PBXProject;
			attributes = {
				BuildIndependentTargetsInParallel = 1;
				LastSwiftUpdateCheck = 1420;
				LastUpgradeCheck = 1420;
				TargetAttributes = {
					D8E18B712A86A45C00EF161F = {
						CreatedOnToolsVersion = 14.2;
					};
				};
			};
			buildConfigurationList = D8E18B6D2A86A45C00EF161F /* Build configuration list for PBXProject "20230811-ZhanSalgarin-NYCSchools" */;
			compatibilityVersion = "Xcode 14.0";
			developmentRegion = en;
			hasScannedForEncodings = 0;
			knownRegions = (
				en,
				Base,
			);
			mainGroup = D8E18B692A86A45C00EF161F;
			productRefGroup = D8E18B732A86A45C00EF161F /* Products */;
			projectDirPath = "";
			projectRoot = "";
			targets = (
				D8E18B712A86A45C00EF161F /* 20230811-ZhanSalgarin-NYCSchools */,
			);
		};
/* End PBXProject section */

/* Begin PBXResourcesBuildPhase section */
		D8E18B702A86A45C00EF161F /* Resources */ = {
			isa = PBXResourcesBuildPhase;
			buildActionMask = 2147483647;
			files = (
				D8E18B822A86A45D00EF161F /* LaunchScreen.storyboard in Resources */,
				D8E18B7F2A86A45D00EF161F /* Assets.xcassets in Resources */,
			);
			runOnlyForDeploymentPostprocessing = 0;
		};
/* End PBXResourcesBuildPhase section */

/* Begin PBXSourcesBuildPhase section */
		D8E18B6E2A86A45C00EF161F /* Sources */ = {
			isa = PBXSourcesBuildPhase;
			buildActionMask = 2147483647;
			files = (
				D8D825B72A86A75300FEF2F9 /* SchoolViewModel.swift in Sources */,
				D8E18B7A2A86A45C00EF161F /* ViewController.swift in Sources */,
				D8D825B22A86A6F600FEF2F9 /* SchoolNameDataModel.swift in Sources */,
				D8D825C22A86C1F200FEF2F9 /* SchoolDetailViewController.swift in Sources */,
				D8D825BE2A86A82600FEF2F9 /* SchoolsTableViewCell.swift in Sources */,
				D8D825BA2A86A77A00FEF2F9 /* APICaller.swift in Sources */,
				D8E18B762A86A45C00EF161F /* AppDelegate.swift in Sources */,
				D8E18B782A86A45C00EF161F /* SceneDelegate.swift in Sources */,
				D8D825B42A86A72400FEF2F9 /* SchoolScoresDataModel.swift in Sources */,
			);
			runOnlyForDeploymentPostprocessing = 0;
		};
/* End PBXSourcesBuildPhase section */

/* Begin PBXVariantGroup section */
		D8E18B802A86A45D00EF161F /* LaunchScreen.storyboard */ = {
			isa = PBXVariantGroup;
			children = (
				D8E18B812A86A45D00EF161F /* Base */,
			);
			name = LaunchScreen.storyboard;
			sourceTree = "<group>";
		};
/* End PBXVariantGroup section */

/* Begin XCBuildConfiguration section */
		D8E18B842A86A45D00EF161F /* Debug */ = {
			isa = XCBuildConfiguration;
			buildSettings = {
				ALWAYS_SEARCH_USER_PATHS = NO;
				CLANG_ANALYZER_NONNULL = YES;
				CLANG_ANALYZER_NUMBER_OBJECT_CONVERSION = YES_AGGRESSIVE;
				CLANG_CXX_LANGUAGE_STANDARD = "gnu++20";
				CLANG_ENABLE_MODULES = YES;
				CLANG_ENABLE_OBJC_ARC = YES;
				CLANG_ENABLE_OBJC_WEAK = YES;
				CLANG_WARN_BLOCK_CAPTURE_AUTORELEASING = YES;
				CLANG_WARN_BOOL_CONVERSION = YES;
				CLANG_WARN_COMMA = YES;
				CLANG_WARN_CONSTANT_CONVERSION = YES;
				CLANG_WARN_DEPRECATED_OBJC_IMPLEMENTATIONS = YES;
				CLANG_WARN_DIRECT_OBJC_ISA_USAGE = YES_ERROR;
				CLANG_WARN_DOCUMENTATION_COMMENTS = YES;
				CLANG_WARN_EMPTY_BODY = YES;
				CLANG_WARN_ENUM_CONVERSION = YES;
				CLANG_WARN_INFINITE_RECURSION = YES;
				CLANG_WARN_INT_CONVERSION = YES;
				CLANG_WARN_NON_LITERAL_NULL_CONVERSION = YES;
				CLANG_WARN_OBJC_IMPLICIT_RETAIN_SELF = YES;
				CLANG_WARN_OBJC_LITERAL_CONVERSION = YES;
				CLANG_WARN_OBJC_ROOT_CLASS = YES_ERROR;
				CLANG_WARN_QUOTED_INCLUDE_IN_FRAMEWORK_HEADER = YES;
				CLANG_WARN_RANGE_LOOP_ANALYSIS = YES;
				CLANG_WARN_STRICT_PROTOTYPES = YES;
				CLANG_WARN_SUSPICIOUS_MOVE = YES;
				CLANG_WARN_UNGUARDED_AVAILABILITY = YES_AGGRESSIVE;
				CLANG_WARN_UNREACHABLE_CODE = YES;
				CLANG_WARN__DUPLICATE_METHOD_MATCH = YES;
				COPY_PHASE_STRIP = NO;
				DEBUG_INFORMATION_FORMAT = dwarf;
				ENABLE_STRICT_OBJC_MSGSEND = YES;
				ENABLE_TESTABILITY = YES;
				GCC_C_LANGUAGE_STANDARD = gnu11;
				GCC_DYNAMIC_NO_PIC = NO;
				GCC_NO_COMMON_BLOCKS = YES;
				GCC_OPTIMIZATION_LEVEL = 0;
				GCC_PREPROCESSOR_DEFINITIONS = (
					"DEBUG=1",
					"$(inherited)",
				);
				GCC_WARN_64_TO_32_BIT_CONVERSION = YES;
				GCC_WARN_ABOUT_RETURN_TYPE = YES_ERROR;
				GCC_WARN_UNDECLARED_SELECTOR = YES;
				GCC_WARN_UNINITIALIZED_AUTOS = YES_AGGRESSIVE;
				GCC_WARN_UNUSED_FUNCTION = YES;
				GCC_WARN_UNUSED_VARIABLE = YES;
				IPHONEOS_DEPLOYMENT_TARGET = 16.2;
				MTL_ENABLE_DEBUG_INFO = INCLUDE_SOURCE;
				MTL_FAST_MATH = YES;
				ONLY_ACTIVE_ARCH = YES;
				SDKROOT = iphoneos;
				SWIFT_ACTIVE_COMPILATION_CONDITIONS = DEBUG;
				SWIFT_OPTIMIZATION_LEVEL = "-Onone";
			};
			name = Debug;
		};
		D8E18B852A86A45D00EF161F /* Release */ = {
			isa = XCBuildConfiguration;
			buildSettings = {
				ALWAYS_SEARCH_USER_PATHS = NO;
				CLANG_ANALYZER_NONNULL = YES;
				CLANG_ANALYZER_NUMBER_OBJECT_CONVERSION = YES_AGGRESSIVE;
				CLANG_CXX_LANGUAGE_STANDARD = "gnu++20";
				CLANG_ENABLE_MODULES = YES;
				CLANG_ENABLE_OBJC_ARC = YES;
				CLANG_ENABLE_OBJC_WEAK = YES;
				CLANG_WARN_BLOCK_CAPTURE_AUTORELEASING = YES;
				CLANG_WARN_BOOL_CONVERSION = YES;
				CLANG_WARN_COMMA = YES;
				CLANG_WARN_CONSTANT_CONVERSION = YES;
				CLANG_WARN_DEPRECATED_OBJC_IMPLEMENTATIONS = YES;
				CLANG_WARN_DIRECT_OBJC_ISA_USAGE = YES_ERROR;
				CLANG_WARN_DOCUMENTATION_COMMENTS = YES;
				CLANG_WARN_EMPTY_BODY = YES;
				CLANG_WARN_ENUM_CONVERSION = YES;
				CLANG_WARN_INFINITE_RECURSION = YES;
				CLANG_WARN_INT_CONVERSION = YES;
				CLANG_WARN_NON_LITERAL_NULL_CONVERSION = YES;
				CLANG_WARN_OBJC_IMPLICIT_RETAIN_SELF = YES;
				CLANG_WARN_OBJC_LITERAL_CONVERSION = YES;
				CLANG_WARN_OBJC_ROOT_CLASS = YES_ERROR;
				CLANG_WARN_QUOTED_INCLUDE_IN_FRAMEWORK_HEADER = YES;
				CLANG_WARN_RANGE_LOOP_ANALYSIS = YES;
				CLANG_WARN_STRICT_PROTOTYPES = YES;
				CLANG_WARN_SUSPICIOUS_MOVE = YES;
				CLANG_WARN_UNGUARDED_AVAILABILITY = YES_AGGRESSIVE;
				CLANG_WARN_UNREACHABLE_CODE = YES;
				CLANG_WARN__DUPLICATE_METHOD_MATCH = YES;
				COPY_PHASE_STRIP = NO;
				DEBUG_INFORMATION_FORMAT = "dwarf-with-dsym";
				ENABLE_NS_ASSERTIONS = NO;
				ENABLE_STRICT_OBJC_MSGSEND = YES;
				GCC_C_LANGUAGE_STANDARD = gnu11;
				GCC_NO_COMMON_BLOCKS = YES;
				GCC_WARN_64_TO_32_BIT_CONVERSION = YES;
				GCC_WARN_ABOUT_RETURN_TYPE = YES_ERROR;
				GCC_WARN_UNDECLARED_SELECTOR = YES;
				GCC_WARN_UNINITIALIZED_AUTOS = YES_AGGRESSIVE;
				GCC_WARN_UNUSED_FUNCTION = YES;
				GCC_WARN_UNUSED_VARIABLE = YES;
				IPHONEOS_DEPLOYMENT_TARGET = 16.2;
				MTL_ENABLE_DEBUG_INFO = NO;
				MTL_FAST_MATH = YES;
				SDKROOT = iphoneos;
				SWIFT_COMPILATION_MODE = wholemodule;
				SWIFT_OPTIMIZATION_LEVEL = "-O";
				VALIDATE_PRODUCT = YES;
			};
			name = Release;
		};
		D8E18B872A86A45D00EF161F /* Debug */ = {
			isa = XCBuildConfiguration;
			buildSettings = {
				ASSETCATALOG_COMPILER_APPICON_NAME = AppIcon;
				ASSETCATALOG_COMPILER_GLOBAL_ACCENT_COLOR_NAME = AccentColor;
				CODE_SIGN_STYLE = Automatic;
				CURRENT_PROJECT_VERSION = 1;
				DEVELOPMENT_TEAM = 9KLKLA3BF5;
				GENERATE_INFOPLIST_FILE = YES;
				INFOPLIST_FILE = "20230811-ZhanSalgarin-NYCSchools/Info.plist";
				INFOPLIST_KEY_UIApplicationSupportsIndirectInputEvents = YES;
				INFOPLIST_KEY_UILaunchStoryboardName = LaunchScreen;
				INFOPLIST_KEY_UIMainStoryboardFile = "";
				INFOPLIST_KEY_UISupportedInterfaceOrientations_iPad = "UIInterfaceOrientationPortrait UIInterfaceOrientationPortraitUpsideDown UIInterfaceOrientationLandscapeLeft UIInterfaceOrientationLandscapeRight";
				INFOPLIST_KEY_UISupportedInterfaceOrientations_iPhone = "UIInterfaceOrientationPortrait UIInterfaceOrientationLandscapeLeft UIInterfaceOrientationLandscapeRight";
				LD_RUNPATH_SEARCH_PATHS = (
					"$(inherited)",
					"@executable_path/Frameworks",
				);
				MARKETING_VERSION = 1.0;
				PRODUCT_BUNDLE_IDENTIFIER = "com.zhanybeksalgarin.-0230811-ZhanSalgarin-NYCSchools";
				PRODUCT_NAME = "$(TARGET_NAME)";
				SUPPORTED_PLATFORMS = "iphoneos iphonesimulator";
				SUPPORTS_MACCATALYST = NO;
				SUPPORTS_MAC_DESIGNED_FOR_IPHONE_IPAD = NO;
				SWIFT_EMIT_LOC_STRINGS = YES;
				SWIFT_VERSION = 5.0;
				TARGETED_DEVICE_FAMILY = 1;
			};
			name = Debug;
		};
		D8E18B882A86A45D00EF161F /* Release */ = {
			isa = XCBuildConfiguration;
			buildSettings = {
				ASSETCATALOG_COMPILER_APPICON_NAME = AppIcon;
				ASSETCATALOG_COMPILER_GLOBAL_ACCENT_COLOR_NAME = AccentColor;
				CODE_SIGN_STYLE = Automatic;
				CURRENT_PROJECT_VERSION = 1;
				DEVELOPMENT_TEAM = 9KLKLA3BF5;
				GENERATE_INFOPLIST_FILE = YES;
				INFOPLIST_FILE = "20230811-ZhanSalgarin-NYCSchools/Info.plist";
				INFOPLIST_KEY_UIApplicationSupportsIndirectInputEvents = YES;
				INFOPLIST_KEY_UILaunchStoryboardName = LaunchScreen;
				INFOPLIST_KEY_UIMainStoryboardFile = "";
				INFOPLIST_KEY_UISupportedInterfaceOrientations_iPad = "UIInterfaceOrientationPortrait UIInterfaceOrientationPortraitUpsideDown UIInterfaceOrientationLandscapeLeft UIInterfaceOrientationLandscapeRight";
				INFOPLIST_KEY_UISupportedInterfaceOrientations_iPhone = "UIInterfaceOrientationPortrait UIInterfaceOrientationLandscapeLeft UIInterfaceOrientationLandscapeRight";
				LD_RUNPATH_SEARCH_PATHS = (
					"$(inherited)",
					"@executable_path/Frameworks",
				);
				MARKETING_VERSION = 1.0;
				PRODUCT_BUNDLE_IDENTIFIER = "com.zhanybeksalgarin.-0230811-ZhanSalgarin-NYCSchools";
				PRODUCT_NAME = "$(TARGET_NAME)";
				SUPPORTED_PLATFORMS = "iphoneos iphonesimulator";
				SUPPORTS_MACCATALYST = NO;
				SUPPORTS_MAC_DESIGNED_FOR_IPHONE_IPAD = NO;
				SWIFT_EMIT_LOC_STRINGS = YES;
				SWIFT_VERSION = 5.0;
				TARGETED_DEVICE_FAMILY = 1;
			};
			name = Release;
		};
/* End XCBuildConfiguration section */

/* Begin XCConfigurationList section */
		D8E18B6D2A86A45C00EF161F /* Build configuration list for PBXProject "20230811-ZhanSalgarin-NYCSchools" */ = {
			isa = XCConfigurationList;
			buildConfigurations = (
				D8E18B842A86A45D00EF161F /* Debug */,
				D8E18B852A86A45D00EF161F /* Release */,
			);
			defaultConfigurationIsVisible = 0;
			defaultConfigurationName = Release;
		};
		D8E18B862A86A45D00EF161F /* Build configuration list for PBXNativeTarget "20230811-ZhanSalgarin-NYCSchools" */ = {
			isa = XCConfigurationList;
			buildConfigurations = (
				D8E18B872A86A45D00EF161F /* Debug */,
				D8E18B882A86A45D00EF161F /* Release */,
			);
			defaultConfigurationIsVisible = 0;
			defaultConfigurationName = Release;
		};
/* End XCConfigurationList section */
	};
	rootObject = D8E18B6A2A86A45C00EF161F /* Project object */;
}
